// !$*UTF8*$!
{
	archiveVersion = 1;
	classes = {
	};
	objectVersion = 56;
	objects = {

/* Begin PBXBuildFile section */
		480510A22A1F0E7400B13B82 /* TimeZoneModel.swift in Sources */ = {isa = PBXBuildFile; fileRef = 480510A12A1F0E7400B13B82 /* TimeZoneModel.swift */; };
		480510A32A1F0E7400B13B82 /* TimeZoneModel.swift in Sources */ = {isa = PBXBuildFile; fileRef = 480510A12A1F0E7400B13B82 /* TimeZoneModel.swift */; };
		480B95D82A0355C70033F00C /* MapModel.swift in Sources */ = {isa = PBXBuildFile; fileRef = 480B95D72A0355C70033F00C /* MapModel.swift */; };
		480B95D92A0355C70033F00C /* MapModel.swift in Sources */ = {isa = PBXBuildFile; fileRef = 480B95D72A0355C70033F00C /* MapModel.swift */; };
		484AEACA29FBDCB500F17A13 /* DetailView.swift in Sources */ = {isa = PBXBuildFile; fileRef = 484AEAC929FBDCB500F17A13 /* DetailView.swift */; };
		484AEACB29FBDCB500F17A13 /* DetailView.swift in Sources */ = {isa = PBXBuildFile; fileRef = 484AEAC929FBDCB500F17A13 /* DetailView.swift */; };
		484AEACD29FBE57E00F17A13 /* ViewModel.swift in Sources */ = {isa = PBXBuildFile; fileRef = 484AEACC29FBE57E00F17A13 /* ViewModel.swift */; };
		484AEACE29FBE57E00F17A13 /* ViewModel.swift in Sources */ = {isa = PBXBuildFile; fileRef = 484AEACC29FBE57E00F17A13 /* ViewModel.swift */; };
		484AEAD129FBEC2E00F17A13 /* RowView.swift in Sources */ = {isa = PBXBuildFile; fileRef = 484AEAD029FBEC2E00F17A13 /* RowView.swift */; };
		484AEAD229FBEC2E00F17A13 /* RowView.swift in Sources */ = {isa = PBXBuildFile; fileRef = 484AEAD029FBEC2E00F17A13 /* RowView.swift */; };
		484E24EE2A23268100FDAC14 /* Documentation.docc in Sources */ = {isa = PBXBuildFile; fileRef = 484E24ED2A23268100FDAC14 /* Documentation.docc */; };
		4877E3052A0C8789000A1D81 /* MapView.swift in Sources */ = {isa = PBXBuildFile; fileRef = 4877E3042A0C8789000A1D81 /* MapView.swift */; };
		4877E3062A0C8789000A1D81 /* MapView.swift in Sources */ = {isa = PBXBuildFile; fileRef = 4877E3042A0C8789000A1D81 /* MapView.swift */; };
		4877E3082A0C9563000A1D81 /* ViewMapModel.swift in Sources */ = {isa = PBXBuildFile; fileRef = 4877E3072A0C9563000A1D81 /* ViewMapModel.swift */; };
		4877E3092A0C9563000A1D81 /* ViewMapModel.swift in Sources */ = {isa = PBXBuildFile; fileRef = 4877E3072A0C9563000A1D81 /* ViewMapModel.swift */; };
		48A1479F29F9616C00C172E8 /* FavouritePlacesApp.swift in Sources */ = {isa = PBXBuildFile; fileRef = 48A1479E29F9616C00C172E8 /* FavouritePlacesApp.swift */; };
		48A147A129F9616C00C172E8 /* ContentView.swift in Sources */ = {isa = PBXBuildFile; fileRef = 48A147A029F9616C00C172E8 /* ContentView.swift */; };
		48A147A329F9616D00C172E8 /* Assets.xcassets in Resources */ = {isa = PBXBuildFile; fileRef = 48A147A229F9616D00C172E8 /* Assets.xcassets */; };
		48A147A629F9616D00C172E8 /* Preview Assets.xcassets in Resources */ = {isa = PBXBuildFile; fileRef = 48A147A529F9616D00C172E8 /* Preview Assets.xcassets */; };
		48A147B029F9616D00C172E8 /* FavouritePlacesTests.swift in Sources */ = {isa = PBXBuildFile; fileRef = 48A147AF29F9616D00C172E8 /* FavouritePlacesTests.swift */; };
		48A147BA29F9616D00C172E8 /* FavouritePlacesUITests.swift in Sources */ = {isa = PBXBuildFile; fileRef = 48A147B929F9616D00C172E8 /* FavouritePlacesUITests.swift */; };
		48A147BC29F9616D00C172E8 /* FavouritePlacesUITestsLaunchTests.swift in Sources */ = {isa = PBXBuildFile; fileRef = 48A147BB29F9616D00C172E8 /* FavouritePlacesUITestsLaunchTests.swift */; };
		48A147D029F9629600C172E8 /* Persistence.swift in Sources */ = {isa = PBXBuildFile; fileRef = 48A147CF29F9629600C172E8 /* Persistence.swift */; };
		48A147D129F9629600C172E8 /* Persistence.swift in Sources */ = {isa = PBXBuildFile; fileRef = 48A147CF29F9629600C172E8 /* Persistence.swift */; };
		48A147D429F969E900C172E8 /* Model.xcdatamodeld in Sources */ = {isa = PBXBuildFile; fileRef = 48A147D229F969E900C172E8 /* Model.xcdatamodeld */; };
		48A147D529F969E900C172E8 /* Model.xcdatamodeld in Sources */ = {isa = PBXBuildFile; fileRef = 48A147D229F969E900C172E8 /* Model.xcdatamodeld */; };
/* End PBXBuildFile section */

/* Begin PBXContainerItemProxy section */
		48A147AC29F9616D00C172E8 /* PBXContainerItemProxy */ = {
			isa = PBXContainerItemProxy;
			containerPortal = 48A1479329F9616C00C172E8 /* Project object */;
			proxyType = 1;
			remoteGlobalIDString = 48A1479A29F9616C00C172E8;
			remoteInfo = FavouritePlaces;
		};
		48A147B629F9616D00C172E8 /* PBXContainerItemProxy */ = {
			isa = PBXContainerItemProxy;
			containerPortal = 48A1479329F9616C00C172E8 /* Project object */;
			proxyType = 1;
			remoteGlobalIDString = 48A1479A29F9616C00C172E8;
			remoteInfo = FavouritePlaces;
		};
/* End PBXContainerItemProxy section */

/* Begin PBXFileReference section */
		480510A12A1F0E7400B13B82 /* TimeZoneModel.swift */ = {isa = PBXFileReference; lastKnownFileType = sourcecode.swift; path = TimeZoneModel.swift; sourceTree = "<group>"; };
		480B95D72A0355C70033F00C /* MapModel.swift */ = {isa = PBXFileReference; lastKnownFileType = sourcecode.swift; path = MapModel.swift; sourceTree = "<group>"; };
		4836073B29FCEA8A00B7404E /* Readme.md */ = {isa = PBXFileReference; lastKnownFileType = net.daringfireball.markdown; path = Readme.md; sourceTree = "<group>"; };
		484AEAC929FBDCB500F17A13 /* DetailView.swift */ = {isa = PBXFileReference; lastKnownFileType = sourcecode.swift; path = DetailView.swift; sourceTree = "<group>"; };
		484AEACC29FBE57E00F17A13 /* ViewModel.swift */ = {isa = PBXFileReference; lastKnownFileType = sourcecode.swift; path = ViewModel.swift; sourceTree = "<group>"; };
		484AEAD029FBEC2E00F17A13 /* RowView.swift */ = {isa = PBXFileReference; lastKnownFileType = sourcecode.swift; path = RowView.swift; sourceTree = "<group>"; };
		484E24ED2A23268100FDAC14 /* Documentation.docc */ = {isa = PBXFileReference; lastKnownFileType = folder.documentationcatalog; path = Documentation.docc; sourceTree = "<group>"; };
		4877E3042A0C8789000A1D81 /* MapView.swift */ = {isa = PBXFileReference; lastKnownFileType = sourcecode.swift; path = MapView.swift; sourceTree = "<group>"; };
		4877E3072A0C9563000A1D81 /* ViewMapModel.swift */ = {isa = PBXFileReference; lastKnownFileType = sourcecode.swift; path = ViewMapModel.swift; sourceTree = "<group>"; };
		48A1479B29F9616C00C172E8 /* FavouritePlaces.app */ = {isa = PBXFileReference; explicitFileType = wrapper.application; includeInIndex = 0; path = FavouritePlaces.app; sourceTree = BUILT_PRODUCTS_DIR; };
		48A1479E29F9616C00C172E8 /* FavouritePlacesApp.swift */ = {isa = PBXFileReference; lastKnownFileType = sourcecode.swift; path = FavouritePlacesApp.swift; sourceTree = "<group>"; };
		48A147A029F9616C00C172E8 /* ContentView.swift */ = {isa = PBXFileReference; lastKnownFileType = sourcecode.swift; path = ContentView.swift; sourceTree = "<group>"; };
		48A147A229F9616D00C172E8 /* Assets.xcassets */ = {isa = PBXFileReference; lastKnownFileType = folder.assetcatalog; path = Assets.xcassets; sourceTree = "<group>"; };
		48A147A529F9616D00C172E8 /* Preview Assets.xcassets */ = {isa = PBXFileReference; lastKnownFileType = folder.assetcatalog; path = "Preview Assets.xcassets"; sourceTree = "<group>"; };
		48A147AB29F9616D00C172E8 /* FavouritePlacesTests.xctest */ = {isa = PBXFileReference; explicitFileType = wrapper.cfbundle; includeInIndex = 0; path = FavouritePlacesTests.xctest; sourceTree = BUILT_PRODUCTS_DIR; };
		48A147AF29F9616D00C172E8 /* FavouritePlacesTests.swift */ = {isa = PBXFileReference; lastKnownFileType = sourcecode.swift; path = FavouritePlacesTests.swift; sourceTree = "<group>"; };
		48A147B529F9616D00C172E8 /* FavouritePlacesUITests.xctest */ = {isa = PBXFileReference; explicitFileType = wrapper.cfbundle; includeInIndex = 0; path = FavouritePlacesUITests.xctest; sourceTree = BUILT_PRODUCTS_DIR; };
		48A147B929F9616D00C172E8 /* FavouritePlacesUITests.swift */ = {isa = PBXFileReference; lastKnownFileType = sourcecode.swift; path = FavouritePlacesUITests.swift; sourceTree = "<group>"; };
		48A147BB29F9616D00C172E8 /* FavouritePlacesUITestsLaunchTests.swift */ = {isa = PBXFileReference; lastKnownFileType = sourcecode.swift; path = FavouritePlacesUITestsLaunchTests.swift; sourceTree = "<group>"; };
		48A147CF29F9629600C172E8 /* Persistence.swift */ = {isa = PBXFileReference; lastKnownFileType = sourcecode.swift; path = Persistence.swift; sourceTree = "<group>"; };
		48A147D329F969E900C172E8 /* Model.xcdatamodel */ = {isa = PBXFileReference; lastKnownFileType = wrapper.xcdatamodel; path = Model.xcdatamodel; sourceTree = "<group>"; };
/* End PBXFileReference section */

/* Begin PBXFrameworksBuildPhase section */
		48A1479829F9616C00C172E8 /* Frameworks */ = {
			isa = PBXFrameworksBuildPhase;
			buildActionMask = 2147483647;
			files = (
			);
			runOnlyForDeploymentPostprocessing = 0;
		};
		48A147A829F9616D00C172E8 /* Frameworks */ = {
			isa = PBXFrameworksBuildPhase;
			buildActionMask = 2147483647;
			files = (
			);
			runOnlyForDeploymentPostprocessing = 0;
		};
		48A147B229F9616D00C172E8 /* Frameworks */ = {
			isa = PBXFrameworksBuildPhase;
			buildActionMask = 2147483647;
			files = (
			);
			runOnlyForDeploymentPostprocessing = 0;
		};
/* End PBXFrameworksBuildPhase section */

/* Begin PBXGroup section */
		484AEAC829FBDC9900F17A13 /* Views */ = {
			isa = PBXGroup;
			children = (
				48A147A029F9616C00C172E8 /* ContentView.swift */,
				484AEAC929FBDCB500F17A13 /* DetailView.swift */,
				484AEAD029FBEC2E00F17A13 /* RowView.swift */,
				4877E3042A0C8789000A1D81 /* MapView.swift */,
			);
			path = Views;
			sourceTree = "<group>";
		};
		484AEACF29FBE58A00F17A13 /* DataModel */ = {
			isa = PBXGroup;
			children = (
				48A147CF29F9629600C172E8 /* Persistence.swift */,
				484AEACC29FBE57E00F17A13 /* ViewModel.swift */,
				480B95D72A0355C70033F00C /* MapModel.swift */,
				4877E3072A0C9563000A1D81 /* ViewMapModel.swift */,
				480510A12A1F0E7400B13B82 /* TimeZoneModel.swift */,
			);
			path = DataModel;
			sourceTree = "<group>";
		};
		48A1479229F9616C00C172E8 = {
			isa = PBXGroup;
			children = (
				48A1479D29F9616C00C172E8 /* FavouritePlaces */,
				48A147AE29F9616D00C172E8 /* FavouritePlacesTests */,
				48A147B829F9616D00C172E8 /* FavouritePlacesUITests */,
				48A1479C29F9616C00C172E8 /* Products */,
			);
			sourceTree = "<group>";
		};
		48A1479C29F9616C00C172E8 /* Products */ = {
			isa = PBXGroup;
			children = (
				48A1479B29F9616C00C172E8 /* FavouritePlaces.app */,
				48A147AB29F9616D00C172E8 /* FavouritePlacesTests.xctest */,
				48A147B529F9616D00C172E8 /* FavouritePlacesUITests.xctest */,
			);
			name = Products;
			sourceTree = "<group>";
		};
		48A1479D29F9616C00C172E8 /* FavouritePlaces */ = {
			isa = PBXGroup;
			children = (
				484AEACF29FBE58A00F17A13 /* DataModel */,
				484AEAC829FBDC9900F17A13 /* Views */,
				48A1479E29F9616C00C172E8 /* FavouritePlacesApp.swift */,
				48A147A229F9616D00C172E8 /* Assets.xcassets */,
				48A147A429F9616D00C172E8 /* Preview Content */,
				48A147D229F969E900C172E8 /* Model.xcdatamodeld */,
				4836073B29FCEA8A00B7404E /* Readme.md */,
				484E24ED2A23268100FDAC14 /* Documentation.docc */,
			);
			path = FavouritePlaces;
			sourceTree = "<group>";
		};
		48A147A429F9616D00C172E8 /* Preview Content */ = {
			isa = PBXGroup;
			children = (
				48A147A529F9616D00C172E8 /* Preview Assets.xcassets */,
			);
			path = "Preview Content";
			sourceTree = "<group>";
		};
		48A147AE29F9616D00C172E8 /* FavouritePlacesTests */ = {
			isa = PBXGroup;
			children = (
				48A147AF29F9616D00C172E8 /* FavouritePlacesTests.swift */,
			);
			path = FavouritePlacesTests;
			sourceTree = "<group>";
		};
		48A147B829F9616D00C172E8 /* FavouritePlacesUITests */ = {
			isa = PBXGroup;
			children = (
				48A147B929F9616D00C172E8 /* FavouritePlacesUITests.swift */,
				48A147BB29F9616D00C172E8 /* FavouritePlacesUITestsLaunchTests.swift */,
			);
			path = FavouritePlacesUITests;
			sourceTree = "<group>";
		};
/* End PBXGroup section */

/* Begin PBXNativeTarget section */
		48A1479A29F9616C00C172E8 /* FavouritePlaces */ = {
			isa = PBXNativeTarget;
			buildConfigurationList = 48A147BF29F9616D00C172E8 /* Build configuration list for PBXNativeTarget "FavouritePlaces" */;
			buildPhases = (
				48A1479729F9616C00C172E8 /* Sources */,
				48A1479829F9616C00C172E8 /* Frameworks */,
				48A1479929F9616C00C172E8 /* Resources */,
			);
			buildRules = (
			);
			dependencies = (
			);
			name = FavouritePlaces;
			productName = FavouritePlaces;
			productReference = 48A1479B29F9616C00C172E8 /* FavouritePlaces.app */;
			productType = "com.apple.product-type.application";
		};
		48A147AA29F9616D00C172E8 /* FavouritePlacesTests */ = {
			isa = PBXNativeTarget;
			buildConfigurationList = 48A147C229F9616D00C172E8 /* Build configuration list for PBXNativeTarget "FavouritePlacesTests" */;
			buildPhases = (
				48A147A729F9616D00C172E8 /* Sources */,
				48A147A829F9616D00C172E8 /* Frameworks */,
				48A147A929F9616D00C172E8 /* Resources */,
			);
			buildRules = (
			);
			dependencies = (
				48A147AD29F9616D00C172E8 /* PBXTargetDependency */,
			);
			name = FavouritePlacesTests;
			productName = FavouritePlacesTests;
			productReference = 48A147AB29F9616D00C172E8 /* FavouritePlacesTests.xctest */;
			productType = "com.apple.product-type.bundle.unit-test";
		};
		48A147B429F9616D00C172E8 /* FavouritePlacesUITests */ = {
			isa = PBXNativeTarget;
			buildConfigurationList = 48A147C529F9616D00C172E8 /* Build configuration list for PBXNativeTarget "FavouritePlacesUITests" */;
			buildPhases = (
				48A147B129F9616D00C172E8 /* Sources */,
				48A147B229F9616D00C172E8 /* Frameworks */,
				48A147B329F9616D00C172E8 /* Resources */,
			);
			buildRules = (
			);
			dependencies = (
				48A147B729F9616D00C172E8 /* PBXTargetDependency */,
			);
			name = FavouritePlacesUITests;
			productName = FavouritePlacesUITests;
			productReference = 48A147B529F9616D00C172E8 /* FavouritePlacesUITests.xctest */;
			productType = "com.apple.product-type.bundle.ui-testing";
		};
/* End PBXNativeTarget section */

/* Begin PBXProject section */
		48A1479329F9616C00C172E8 /* Project object */ = {
			isa = PBXProject;
			attributes = {
				BuildIndependentTargetsInParallel = 1;
				LastSwiftUpdateCheck = 1420;
				LastUpgradeCheck = 1420;
				TargetAttributes = {
					48A1479A29F9616C00C172E8 = {
						CreatedOnToolsVersion = 14.2;
					};
					48A147AA29F9616D00C172E8 = {
						CreatedOnToolsVersion = 14.2;
						TestTargetID = 48A1479A29F9616C00C172E8;
					};
					48A147B429F9616D00C172E8 = {
						CreatedOnToolsVersion = 14.2;
						TestTargetID = 48A1479A29F9616C00C172E8;
					};
				};
			};
			buildConfigurationList = 48A1479629F9616C00C172E8 /* Build configuration list for PBXProject "FavouritePlaces" */;
			compatibilityVersion = "Xcode 14.0";
			developmentRegion = en;
			hasScannedForEncodings = 0;
			knownRegions = (
				en,
				Base,
			);
			mainGroup = 48A1479229F9616C00C172E8;
			productRefGroup = 48A1479C29F9616C00C172E8 /* Products */;
			projectDirPath = "";
			projectRoot = "";
			targets = (
				48A1479A29F9616C00C172E8 /* FavouritePlaces */,
				48A147AA29F9616D00C172E8 /* FavouritePlacesTests */,
				48A147B429F9616D00C172E8 /* FavouritePlacesUITests */,
			);
		};
/* End PBXProject section */

/* Begin PBXResourcesBuildPhase section */
		48A1479929F9616C00C172E8 /* Resources */ = {
			isa = PBXResourcesBuildPhase;
			buildActionMask = 2147483647;
			files = (
				48A147A629F9616D00C172E8 /* Preview Assets.xcassets in Resources */,
				48A147A329F9616D00C172E8 /* Assets.xcassets in Resources */,
			);
			runOnlyForDeploymentPostprocessing = 0;
		};
		48A147A929F9616D00C172E8 /* Resources */ = {
			isa = PBXResourcesBuildPhase;
			buildActionMask = 2147483647;
			files = (
			);
			runOnlyForDeploymentPostprocessing = 0;
		};
		48A147B329F9616D00C172E8 /* Resources */ = {
			isa = PBXResourcesBuildPhase;
			buildActionMask = 2147483647;
			files = (
			);
			runOnlyForDeploymentPostprocessing = 0;
		};
/* End PBXResourcesBuildPhase section */

/* Begin PBXSourcesBuildPhase section */
		48A1479729F9616C00C172E8 /* Sources */ = {
			isa = PBXSourcesBuildPhase;
			buildActionMask = 2147483647;
			files = (
				4877E3082A0C9563000A1D81 /* ViewMapModel.swift in Sources */,
				480B95D82A0355C70033F00C /* MapModel.swift in Sources */,
				484AEACA29FBDCB500F17A13 /* DetailView.swift in Sources */,
				48A147A129F9616C00C172E8 /* ContentView.swift in Sources */,
				484AEAD129FBEC2E00F17A13 /* RowView.swift in Sources */,
				48A147D029F9629600C172E8 /* Persistence.swift in Sources */,
				480510A22A1F0E7400B13B82 /* TimeZoneModel.swift in Sources */,
				484E24EE2A23268100FDAC14 /* Documentation.docc in Sources */,
				48A1479F29F9616C00C172E8 /* FavouritePlacesApp.swift in Sources */,
				4877E3052A0C8789000A1D81 /* MapView.swift in Sources */,
				48A147D429F969E900C172E8 /* Model.xcdatamodeld in Sources */,
				484AEACD29FBE57E00F17A13 /* ViewModel.swift in Sources */,
			);
			runOnlyForDeploymentPostprocessing = 0;
		};
		48A147A729F9616D00C172E8 /* Sources */ = {
			isa = PBXSourcesBuildPhase;
			buildActionMask = 2147483647;
			files = (
				480B95D92A0355C70033F00C /* MapModel.swift in Sources */,
				480510A32A1F0E7400B13B82 /* TimeZoneModel.swift in Sources */,
				4877E3092A0C9563000A1D81 /* ViewMapModel.swift in Sources */,
				48A147D129F9629600C172E8 /* Persistence.swift in Sources */,
				484AEAD229FBEC2E00F17A13 /* RowView.swift in Sources */,
				48A147B029F9616D00C172E8 /* FavouritePlacesTests.swift in Sources */,
				484AEACB29FBDCB500F17A13 /* DetailView.swift in Sources */,
				484AEACE29FBE57E00F17A13 /* ViewModel.swift in Sources */,
				4877E3062A0C8789000A1D81 /* MapView.swift in Sources */,
				48A147D529F969E900C172E8 /* Model.xcdatamodeld in Sources */,
			);
			runOnlyForDeploymentPostprocessing = 0;
		};
		48A147B129F9616D00C172E8 /* Sources */ = {
			isa = PBXSourcesBuildPhase;
			buildActionMask = 2147483647;
			files = (
				48A147BC29F9616D00C172E8 /* FavouritePlacesUITestsLaunchTests.swift in Sources */,
				48A147BA29F9616D00C172E8 /* FavouritePlacesUITests.swift in Sources */,
			);
			runOnlyForDeploymentPostprocessing = 0;
		};
/* End PBXSourcesBuildPhase section */

/* Begin PBXTargetDependency section */
		48A147AD29F9616D00C172E8 /* PBXTargetDependency */ = {
			isa = PBXTargetDependency;
			target = 48A1479A29F9616C00C172E8 /* FavouritePlaces */;
			targetProxy = 48A147AC29F9616D00C172E8 /* PBXContainerItemProxy */;
		};
		48A147B729F9616D00C172E8 /* PBXTargetDependency */ = {
			isa = PBXTargetDependency;
			target = 48A1479A29F9616C00C172E8 /* FavouritePlaces */;
			targetProxy = 48A147B629F9616D00C172E8 /* PBXContainerItemProxy */;
		};
/* End PBXTargetDependency section */

/* Begin XCBuildConfiguration section */
		48A147BD29F9616D00C172E8 /* Debug */ = {
			isa = XCBuildConfiguration;
			buildSettings = {
				ALWAYS_SEARCH_USER_PATHS = NO;
				CLANG_ANALYZER_NONNULL = YES;
				CLANG_ANALYZER_NUMBER_OBJECT_CONVERSION = YES_AGGRESSIVE;
				CLANG_CXX_LANGUAGE_STANDARD = "gnu++20";
				CLANG_ENABLE_MODULES = YES;
				CLANG_ENABLE_OBJC_ARC = YES;
				CLANG_ENABLE_OBJC_WEAK = YES;
				CLANG_WARN_BLOCK_CAPTURE_AUTORELEASING = YES;
				CLANG_WARN_BOOL_CONVERSION = YES;
				CLANG_WARN_COMMA = YES;
				CLANG_WARN_CONSTANT_CONVERSION = YES;
				CLANG_WARN_DEPRECATED_OBJC_IMPLEMENTATIONS = YES;
				CLANG_WARN_DIRECT_OBJC_ISA_USAGE = YES_ERROR;
				CLANG_WARN_DOCUMENTATION_COMMENTS = YES;
				CLANG_WARN_EMPTY_BODY = YES;
				CLANG_WARN_ENUM_CONVERSION = YES;
				CLANG_WARN_INFINITE_RECURSION = YES;
				CLANG_WARN_INT_CONVERSION = YES;
				CLANG_WARN_NON_LITERAL_NULL_CONVERSION = YES;
				CLANG_WARN_OBJC_IMPLICIT_RETAIN_SELF = YES;
				CLANG_WARN_OBJC_LITERAL_CONVERSION = YES;
				CLANG_WARN_OBJC_ROOT_CLASS = YES_ERROR;
				CLANG_WARN_QUOTED_INCLUDE_IN_FRAMEWORK_HEADER = YES;
				CLANG_WARN_RANGE_LOOP_ANALYSIS = YES;
				CLANG_WARN_STRICT_PROTOTYPES = YES;
				CLANG_WARN_SUSPICIOUS_MOVE = YES;
				CLANG_WARN_UNGUARDED_AVAILABILITY = YES_AGGRESSIVE;
				CLANG_WARN_UNREACHABLE_CODE = YES;
				CLANG_WARN__DUPLICATE_METHOD_MATCH = YES;
				COPY_PHASE_STRIP = NO;
				DEBUG_INFORMATION_FORMAT = dwarf;
				ENABLE_STRICT_OBJC_MSGSEND = YES;
				ENABLE_TESTABILITY = YES;
				GCC_C_LANGUAGE_STANDARD = gnu11;
				GCC_DYNAMIC_NO_PIC = NO;
				GCC_NO_COMMON_BLOCKS = YES;
				GCC_OPTIMIZATION_LEVEL = 0;
				GCC_PREPROCESSOR_DEFINITIONS = (
					"DEBUG=1",
					"$(inherited)",
				);
				GCC_WARN_64_TO_32_BIT_CONVERSION = YES;
				GCC_WARN_ABOUT_RETURN_TYPE = YES_ERROR;
				GCC_WARN_UNDECLARED_SELECTOR = YES;
				GCC_WARN_UNINITIALIZED_AUTOS = YES_AGGRESSIVE;
				GCC_WARN_UNUSED_FUNCTION = YES;
				GCC_WARN_UNUSED_VARIABLE = YES;
				IPHONEOS_DEPLOYMENT_TARGET = 16.2;
				MTL_ENABLE_DEBUG_INFO = INCLUDE_SOURCE;
				MTL_FAST_MATH = YES;
				ONLY_ACTIVE_ARCH = YES;
				SDKROOT = iphoneos;
				SWIFT_ACTIVE_COMPILATION_CONDITIONS = DEBUG;
				SWIFT_OPTIMIZATION_LEVEL = "-Onone";
			};
			name = Debug;
		};
		48A147BE29F9616D00C172E8 /* Release */ = {
			isa = XCBuildConfiguration;
			buildSettings = {
				ALWAYS_SEARCH_USER_PATHS = NO;
				CLANG_ANALYZER_NONNULL = YES;
				CLANG_ANALYZER_NUMBER_OBJECT_CONVERSION = YES_AGGRESSIVE;
				CLANG_CXX_LANGUAGE_STANDARD = "gnu++20";
				CLANG_ENABLE_MODULES = YES;
				CLANG_ENABLE_OBJC_ARC = YES;
				CLANG_ENABLE_OBJC_WEAK = YES;
				CLANG_WARN_BLOCK_CAPTURE_AUTORELEASING = YES;
				CLANG_WARN_BOOL_CONVERSION = YES;
				CLANG_WARN_COMMA = YES;
				CLANG_WARN_CONSTANT_CONVERSION = YES;
				CLANG_WARN_DEPRECATED_OBJC_IMPLEMENTATIONS = YES;
				CLANG_WARN_DIRECT_OBJC_ISA_USAGE = YES_ERROR;
				CLANG_WARN_DOCUMENTATION_COMMENTS = YES;
				CLANG_WARN_EMPTY_BODY = YES;
				CLANG_WARN_ENUM_CONVERSION = YES;
				CLANG_WARN_INFINITE_RECURSION = YES;
				CLANG_WARN_INT_CONVERSION = YES;
				CLANG_WARN_NON_LITERAL_NULL_CONVERSION = YES;
				CLANG_WARN_OBJC_IMPLICIT_RETAIN_SELF = YES;
				CLANG_WARN_OBJC_LITERAL_CONVERSION = YES;
				CLANG_WARN_OBJC_ROOT_CLASS = YES_ERROR;
				CLANG_WARN_QUOTED_INCLUDE_IN_FRAMEWORK_HEADER = YES;
				CLANG_WARN_RANGE_LOOP_ANALYSIS = YES;
				CLANG_WARN_STRICT_PROTOTYPES = YES;
				CLANG_WARN_SUSPICIOUS_MOVE = YES;
				CLANG_WARN_UNGUARDED_AVAILABILITY = YES_AGGRESSIVE;
				CLANG_WARN_UNREACHABLE_CODE = YES;
				CLANG_WARN__DUPLICATE_METHOD_MATCH = YES;
				COPY_PHASE_STRIP = NO;
				DEBUG_INFORMATION_FORMAT = "dwarf-with-dsym";
				ENABLE_NS_ASSERTIONS = NO;
				ENABLE_STRICT_OBJC_MSGSEND = YES;
				GCC_C_LANGUAGE_STANDARD = gnu11;
				GCC_NO_COMMON_BLOCKS = YES;
				GCC_WARN_64_TO_32_BIT_CONVERSION = YES;
				GCC_WARN_ABOUT_RETURN_TYPE = YES_ERROR;
				GCC_WARN_UNDECLARED_SELECTOR = YES;
				GCC_WARN_UNINITIALIZED_AUTOS = YES_AGGRESSIVE;
				GCC_WARN_UNUSED_FUNCTION = YES;
				GCC_WARN_UNUSED_VARIABLE = YES;
				IPHONEOS_DEPLOYMENT_TARGET = 16.2;
				MTL_ENABLE_DEBUG_INFO = NO;
				MTL_FAST_MATH = YES;
				SDKROOT = iphoneos;
				SWIFT_COMPILATION_MODE = wholemodule;
				SWIFT_OPTIMIZATION_LEVEL = "-O";
				VALIDATE_PRODUCT = YES;
			};
			name = Release;
		};
		48A147C029F9616D00C172E8 /* Debug */ = {
			isa = XCBuildConfiguration;
			buildSettings = {
				ASSETCATALOG_COMPILER_APPICON_NAME = AppIcon;
				ASSETCATALOG_COMPILER_GLOBAL_ACCENT_COLOR_NAME = AccentColor;
				CODE_SIGN_STYLE = Automatic;
				CURRENT_PROJECT_VERSION = 1;
				DEVELOPMENT_ASSET_PATHS = "\"FavouritePlaces/Preview Content\"";
				ENABLE_PREVIEWS = YES;
				GENERATE_INFOPLIST_FILE = YES;
				INFOPLIST_KEY_NSLocationWhenInUseUsageDescription = "The app needs to know your location.";
				INFOPLIST_KEY_UIApplicationSceneManifest_Generation = YES;
				INFOPLIST_KEY_UIApplicationSupportsIndirectInputEvents = YES;
				INFOPLIST_KEY_UILaunchScreen_Generation = YES;
				INFOPLIST_KEY_UISupportedInterfaceOrientations_iPad = "UIInterfaceOrientationPortrait UIInterfaceOrientationPortraitUpsideDown UIInterfaceOrientationLandscapeLeft UIInterfaceOrientationLandscapeRight";
				INFOPLIST_KEY_UISupportedInterfaceOrientations_iPhone = "UIInterfaceOrientationPortrait UIInterfaceOrientationLandscapeLeft UIInterfaceOrientationLandscapeRight";
				LD_RUNPATH_SEARCH_PATHS = (
					"$(inherited)",
					"@executable_path/Frameworks",
				);
				MARKETING_VERSION = 1.0;
				PRODUCT_BUNDLE_IDENTIFIER = "Griffith-3701ICT.FavouritePlaces";
				PRODUCT_NAME = "$(TARGET_NAME)";
				SWIFT_EMIT_LOC_STRINGS = YES;
				SWIFT_VERSION = 5.0;
				TARGETED_DEVICE_FAMILY = "1,2";
			};
			name = Debug;
		};
		48A147C129F9616D00C172E8 /* Release */ = {
			isa = XCBuildConfiguration;
			buildSettings = {
				ASSETCATALOG_COMPILER_APPICON_NAME = AppIcon;
				ASSETCATALOG_COMPILER_GLOBAL_ACCENT_COLOR_NAME = AccentColor;
				CODE_SIGN_STYLE = Automatic;
				CURRENT_PROJECT_VERSION = 1;
				DEVELOPMENT_ASSET_PATHS = "\"FavouritePlaces/Preview Content\"";
				ENABLE_PREVIEWS = YES;
				GENERATE_INFOPLIST_FILE = YES;
				INFOPLIST_KEY_NSLocationWhenInUseUsageDescription = "The app needs to know your location.";
				INFOPLIST_KEY_UIApplicationSceneManifest_Generation = YES;
				INFOPLIST_KEY_UIApplicationSupportsIndirectInputEvents = YES;
				INFOPLIST_KEY_UILaunchScreen_Generation = YES;
				INFOPLIST_KEY_UISupportedInterfaceOrientations_iPad = "UIInterfaceOrientationPortrait UIInterfaceOrientationPortraitUpsideDown UIInterfaceOrientationLandscapeLeft UIInterfaceOrientationLandscapeRight";
				INFOPLIST_KEY_UISupportedInterfaceOrientations_iPhone = "UIInterfaceOrientationPortrait UIInterfaceOrientationLandscapeLeft UIInterfaceOrientationLandscapeRight";
				LD_RUNPATH_SEARCH_PATHS = (
					"$(inherited)",
					"@executable_path/Frameworks",
				);
				MARKETING_VERSION = 1.0;
				PRODUCT_BUNDLE_IDENTIFIER = "Griffith-3701ICT.FavouritePlaces";
				PRODUCT_NAME = "$(TARGET_NAME)";
				SWIFT_EMIT_LOC_STRINGS = YES;
				SWIFT_VERSION = 5.0;
				TARGETED_DEVICE_FAMILY = "1,2";
			};
			name = Release;
		};
		48A147C329F9616D00C172E8 /* Debug */ = {
			isa = XCBuildConfiguration;
			buildSettings = {
				ALWAYS_EMBED_SWIFT_STANDARD_LIBRARIES = YES;
				BUNDLE_LOADER = "$(TEST_HOST)";
				CODE_SIGN_STYLE = Automatic;
				CURRENT_PROJECT_VERSION = 1;
				GENERATE_INFOPLIST_FILE = YES;
				IPHONEOS_DEPLOYMENT_TARGET = 16.2;
				MARKETING_VERSION = 1.0;
				PRODUCT_BUNDLE_IDENTIFIER = "Griffith-3701ICT.FavouritePlacesTests";
				PRODUCT_NAME = "$(TARGET_NAME)";
				SWIFT_EMIT_LOC_STRINGS = NO;
				SWIFT_VERSION = 5.0;
				TARGETED_DEVICE_FAMILY = "1,2";
				TEST_HOST = "$(BUILT_PRODUCTS_DIR)/FavouritePlaces.app/$(BUNDLE_EXECUTABLE_FOLDER_PATH)/FavouritePlaces";
			};
			name = Debug;
		};
		48A147C429F9616D00C172E8 /* Release */ = {
			isa = XCBuildConfiguration;
			buildSettings = {
				ALWAYS_EMBED_SWIFT_STANDARD_LIBRARIES = YES;
				BUNDLE_LOADER = "$(TEST_HOST)";
				CODE_SIGN_STYLE = Automatic;
				CURRENT_PROJECT_VERSION = 1;
				GENERATE_INFOPLIST_FILE = YES;
				IPHONEOS_DEPLOYMENT_TARGET = 16.2;
				MARKETING_VERSION = 1.0;
				PRODUCT_BUNDLE_IDENTIFIER = "Griffith-3701ICT.FavouritePlacesTests";
				PRODUCT_NAME = "$(TARGET_NAME)";
				SWIFT_EMIT_LOC_STRINGS = NO;
				SWIFT_VERSION = 5.0;
				TARGETED_DEVICE_FAMILY = "1,2";
				TEST_HOST = "$(BUILT_PRODUCTS_DIR)/FavouritePlaces.app/$(BUNDLE_EXECUTABLE_FOLDER_PATH)/FavouritePlaces";
			};
			name = Release;
		};
		48A147C629F9616D00C172E8 /* Debug */ = {
			isa = XCBuildConfiguration;
			buildSettings = {
				ALWAYS_EMBED_SWIFT_STANDARD_LIBRARIES = YES;
				CODE_SIGN_STYLE = Automatic;
				CURRENT_PROJECT_VERSION = 1;
				GENERATE_INFOPLIST_FILE = YES;
				MARKETING_VERSION = 1.0;
				PRODUCT_BUNDLE_IDENTIFIER = "Griffith-3701ICT.FavouritePlacesUITests";
				PRODUCT_NAME = "$(TARGET_NAME)";
				SWIFT_EMIT_LOC_STRINGS = NO;
				SWIFT_VERSION = 5.0;
				TARGETED_DEVICE_FAMILY = "1,2";
				TEST_TARGET_NAME = FavouritePlaces;
			};
			name = Debug;
		};
		48A147C729F9616D00C172E8 /* Release */ = {
			isa = XCBuildConfiguration;
			buildSettings = {
				ALWAYS_EMBED_SWIFT_STANDARD_LIBRARIES = YES;
				CODE_SIGN_STYLE = Automatic;
				CURRENT_PROJECT_VERSION = 1;
				GENERATE_INFOPLIST_FILE = YES;
				MARKETING_VERSION = 1.0;
				PRODUCT_BUNDLE_IDENTIFIER = "Griffith-3701ICT.FavouritePlacesUITests";
				PRODUCT_NAME = "$(TARGET_NAME)";
				SWIFT_EMIT_LOC_STRINGS = NO;
				SWIFT_VERSION = 5.0;
				TARGETED_DEVICE_FAMILY = "1,2";
				TEST_TARGET_NAME = FavouritePlaces;
			};
			name = Release;
		};
/* End XCBuildConfiguration section */

/* Begin XCConfigurationList section */
		48A1479629F9616C00C172E8 /* Build configuration list for PBXProject "FavouritePlaces" */ = {
			isa = XCConfigurationList;
			buildConfigurations = (
				48A147BD29F9616D00C172E8 /* Debug */,
				48A147BE29F9616D00C172E8 /* Release */,
			);
			defaultConfigurationIsVisible = 0;
			defaultConfigurationName = Release;
		};
		48A147BF29F9616D00C172E8 /* Build configuration list for PBXNativeTarget "FavouritePlaces" */ = {
			isa = XCConfigurationList;
			buildConfigurations = (
				48A147C029F9616D00C172E8 /* Debug */,
				48A147C129F9616D00C172E8 /* Release */,
			);
			defaultConfigurationIsVisible = 0;
			defaultConfigurationName = Release;
		};
		48A147C229F9616D00C172E8 /* Build configuration list for PBXNativeTarget "FavouritePlacesTests" */ = {
			isa = XCConfigurationList;
			buildConfigurations = (
				48A147C329F9616D00C172E8 /* Debug */,
				48A147C429F9616D00C172E8 /* Release */,
			);
			defaultConfigurationIsVisible = 0;
			defaultConfigurationName = Release;
		};
		48A147C529F9616D00C172E8 /* Build configuration list for PBXNativeTarget "FavouritePlacesUITests" */ = {
			isa = XCConfigurationList;
			buildConfigurations = (
				48A147C629F9616D00C172E8 /* Debug */,
				48A147C729F9616D00C172E8 /* Release */,
			);
			defaultConfigurationIsVisible = 0;
			defaultConfigurationName = Release;
		};
/* End XCConfigurationList section */

/* Begin XCVersionGroup section */
		48A147D229F969E900C172E8 /* Model.xcdatamodeld */ = {
			isa = XCVersionGroup;
			children = (
				48A147D329F969E900C172E8 /* Model.xcdatamodel */,
			);
			currentVersion = 48A147D329F969E900C172E8 /* Model.xcdatamodel */;
			path = Model.xcdatamodeld;
			sourceTree = "<group>";
			versionGroupType = wrapper.xcdatamodel;
		};
/* End XCVersionGroup section */
	};
	rootObject = 48A1479329F9616C00C172E8 /* Project object */;
}
